{
  "name": "js_pubpack_node",
  "version": "1.0.0",
  "lockfileVersion": 2,
  "requires": true,
  "packages": {
    "": {
      "name": "js_pubpack_node",
      "version": "1.0.0",
      "license": "ISC",
      "dependencies": {
        "@arhandreu/js_pubpack": "^1.0.0"
      }
    },
    "node_modules/@arhandreu/js_pubpack": {
      "version": "1.0.0",
      "resolved": "https://npm.pkg.github.com/download/@arhandreu/js_pubpack/1.0.0/cee72efa8168a598776aa4fb8dfe5b4cf6b710a15dd426925eda507f3b09fd6b",
      "integrity": "sha512-LicdRB40PunSgD+uIY8UHcB3K3mtFIlBiICHO9fF1G1VXjC6Z2Cu/1gUzONgollT2ro5pHfnZiIApXnSwPdlmA==",
      "license": "ISC"
    }
  },
  "dependencies": {
    "@arhandreu/js_pubpack": {
      "version": "1.0.0",
      "resolved": "https://npm.pkg.github.com/download/@arhandreu/js_pubpack/1.0.0/cee72efa8168a598776aa4fb8dfe5b4cf6b710a15dd426925eda507f3b09fd6b",
      "integrity": "sha512-LicdRB40PunSgD+uIY8UHcB3K3mtFIlBiICHO9fF1G1VXjC6Z2Cu/1gUzONgollT2ro5pHfnZiIApXnSwPdlmA=="
    }
  }
}
